// !$*UTF8*$!
{
	archiveVersion = 1;
	classes = {
	};
	objectVersion = 46;
	objects = {

/* Begin PBXBuildFile section */
		B1AB6CE01CA8A7D6008C67FB /* main.m in Sources */ = {isa = PBXBuildFile; fileRef = B1AB6CDF1CA8A7D6008C67FB /* main.m */; };
		B1AB6CE31CA8A7D6008C67FB /* AppDelegate.m in Sources */ = {isa = PBXBuildFile; fileRef = B1AB6CE21CA8A7D6008C67FB /* AppDelegate.m */; };
		B1AB6CE91CA8A7D6008C67FB /* Main.storyboard in Resources */ = {isa = PBXBuildFile; fileRef = B1AB6CE71CA8A7D6008C67FB /* Main.storyboard */; };
		B1AB6CEB1CA8A7D6008C67FB /* Assets.xcassets in Resources */ = {isa = PBXBuildFile; fileRef = B1AB6CEA1CA8A7D6008C67FB /* Assets.xcassets */; };
		B1AB6CEE1CA8A7D6008C67FB /* LaunchScreen.storyboard in Resources */ = {isa = PBXBuildFile; fileRef = B1AB6CEC1CA8A7D6008C67FB /* LaunchScreen.storyboard */; };
		B1AB6CF81CA8A8DC008C67FB /* CommentsTableViewController.m in Sources */ = {isa = PBXBuildFile; fileRef = B1AB6CF71CA8A8DC008C67FB /* CommentsTableViewController.m */; };
		B1AB6CFB1CA8A8E2008C67FB /* CommentCell.m in Sources */ = {isa = PBXBuildFile; fileRef = B1AB6CF91CA8A8E2008C67FB /* CommentCell.m */; };
		B1AB6CFF1CA8A8EF008C67FB /* TagTableView.m in Sources */ = {isa = PBXBuildFile; fileRef = B1AB6CFD1CA8A8EF008C67FB /* TagTableView.m */; };
		B1AB6D001CA8A8EF008C67FB /* SmallUserTableCell.xib in Resources */ = {isa = PBXBuildFile; fileRef = B1AB6CFE1CA8A8EF008C67FB /* SmallUserTableCell.xib */; };
		B1AB6D1D1CA8AA97008C67FB /* TopBottomBorderView.m in Sources */ = {isa = PBXBuildFile; fileRef = B1AB6D1B1CA8AA97008C67FB /* TopBottomBorderView.m */; };
		B1AB6D201CA8AAD2008C67FB /* NSDate+PrettyDate.m in Sources */ = {isa = PBXBuildFile; fileRef = B1AB6D1F1CA8AAD2008C67FB /* NSDate+PrettyDate.m */; };
		B1AB6D231CA8AB34008C67FB /* CustomColoredLabel.m in Sources */ = {isa = PBXBuildFile; fileRef = B1AB6D221CA8AB34008C67FB /* CustomColoredLabel.m */; };
		B1AB6D261CA8AB5E008C67FB /* TTTAttributedLabel.m in Sources */ = {isa = PBXBuildFile; fileRef = B1AB6D241CA8AB5E008C67FB /* TTTAttributedLabel.m */; };
		B1AB6D2E1CA8B3A4008C67FB /* noPpic.png in Resources */ = {isa = PBXBuildFile; fileRef = B1AB6D2B1CA8B3A4008C67FB /* noPpic.png */; };
		B1AB6D2F1CA8B3A4008C67FB /* noPpic@2x.png in Resources */ = {isa = PBXBuildFile; fileRef = B1AB6D2C1CA8B3A4008C67FB /* noPpic@2x.png */; };
		B1AB6D301CA8B3A4008C67FB /* noPpic@3x.png in Resources */ = {isa = PBXBuildFile; fileRef = B1AB6D2D1CA8B3A4008C67FB /* noPpic@3x.png */; };
		B1AB6D3A1CA8B703008C67FB /* SmallUserCellView.m in Sources */ = {isa = PBXBuildFile; fileRef = B1AB6D351CA8B703008C67FB /* SmallUserCellView.m */; };
		B1AB6D3C1CA8B703008C67FB /* SmallUserTableCell.m in Sources */ = {isa = PBXBuildFile; fileRef = B1AB6D391CA8B703008C67FB /* SmallUserTableCell.m */; };
		B1AB6D3F1CA8B8DB008C67FB /* followingArray.json in Resources */ = {isa = PBXBuildFile; fileRef = B1AB6D3E1CA8B8DB008C67FB /* followingArray.json */; };
/* End PBXBuildFile section */

/* Begin PBXFileReference section */
		B1AB6CDB1CA8A7D6008C67FB /* TagComments.app */ = {isa = PBXFileReference; explicitFileType = wrapper.application; includeInIndex = 0; path = TagComments.app; sourceTree = BUILT_PRODUCTS_DIR; };
		B1AB6CDF1CA8A7D6008C67FB /* main.m */ = {isa = PBXFileReference; lastKnownFileType = sourcecode.c.objc; path = main.m; sourceTree = "<group>"; };
		B1AB6CE11CA8A7D6008C67FB /* AppDelegate.h */ = {isa = PBXFileReference; lastKnownFileType = sourcecode.c.h; path = AppDelegate.h; sourceTree = "<group>"; };
		B1AB6CE21CA8A7D6008C67FB /* AppDelegate.m */ = {isa = PBXFileReference; lastKnownFileType = sourcecode.c.objc; path = AppDelegate.m; sourceTree = "<group>"; };
		B1AB6CE81CA8A7D6008C67FB /* Base */ = {isa = PBXFileReference; lastKnownFileType = file.storyboard; name = Base; path = Base.lproj/Main.storyboard; sourceTree = "<group>"; };
		B1AB6CEA1CA8A7D6008C67FB /* Assets.xcassets */ = {isa = PBXFileReference; lastKnownFileType = folder.assetcatalog; path = Assets.xcassets; sourceTree = "<group>"; };
		B1AB6CED1CA8A7D6008C67FB /* Base */ = {isa = PBXFileReference; lastKnownFileType = file.storyboard; name = Base; path = Base.lproj/LaunchScreen.storyboard; sourceTree = "<group>"; };
		B1AB6CEF1CA8A7D6008C67FB /* Info.plist */ = {isa = PBXFileReference; lastKnownFileType = text.plist.xml; path = Info.plist; sourceTree = "<group>"; };
		B1AB6CF61CA8A8DC008C67FB /* CommentsTableViewController.h */ = {isa = PBXFileReference; fileEncoding = 4; lastKnownFileType = sourcecode.c.h; path = CommentsTableViewController.h; sourceTree = "<group>"; };
		B1AB6CF71CA8A8DC008C67FB /* CommentsTableViewController.m */ = {isa = PBXFileReference; fileEncoding = 4; lastKnownFileType = sourcecode.c.objc; path = CommentsTableViewController.m; sourceTree = "<group>"; };
		B1AB6CF91CA8A8E2008C67FB /* CommentCell.m */ = {isa = PBXFileReference; fileEncoding = 4; lastKnownFileType = sourcecode.c.objc; path = CommentCell.m; sourceTree = "<group>"; };
		B1AB6CFA1CA8A8E2008C67FB /* CommentCell.h */ = {isa = PBXFileReference; fileEncoding = 4; lastKnownFileType = sourcecode.c.h; path = CommentCell.h; sourceTree = "<group>"; };
		B1AB6CFC1CA8A8EF008C67FB /* TagTableView.h */ = {isa = PBXFileReference; fileEncoding = 4; lastKnownFileType = sourcecode.c.h; path = TagTableView.h; sourceTree = "<group>"; };
		B1AB6CFD1CA8A8EF008C67FB /* TagTableView.m */ = {isa = PBXFileReference; fileEncoding = 4; lastKnownFileType = sourcecode.c.objc; path = TagTableView.m; sourceTree = "<group>"; };
		B1AB6CFE1CA8A8EF008C67FB /* SmallUserTableCell.xib */ = {isa = PBXFileReference; fileEncoding = 4; lastKnownFileType = file.xib; path = SmallUserTableCell.xib; sourceTree = "<group>"; };
		B1AB6D1A1CA8AA97008C67FB /* TopBottomBorderView.h */ = {isa = PBXFileReference; fileEncoding = 4; lastKnownFileType = sourcecode.c.h; path = TopBottomBorderView.h; sourceTree = "<group>"; };
		B1AB6D1B1CA8AA97008C67FB /* TopBottomBorderView.m */ = {isa = PBXFileReference; fileEncoding = 4; lastKnownFileType = sourcecode.c.objc; path = TopBottomBorderView.m; sourceTree = "<group>"; };
		B1AB6D1E1CA8AAD2008C67FB /* NSDate+PrettyDate.h */ = {isa = PBXFileReference; fileEncoding = 4; lastKnownFileType = sourcecode.c.h; path = "NSDate+PrettyDate.h"; sourceTree = "<group>"; };
		B1AB6D1F1CA8AAD2008C67FB /* NSDate+PrettyDate.m */ = {isa = PBXFileReference; fileEncoding = 4; lastKnownFileType = sourcecode.c.objc; path = "NSDate+PrettyDate.m"; sourceTree = "<group>"; };
		B1AB6D211CA8AB34008C67FB /* CustomColoredLabel.h */ = {isa = PBXFileReference; fileEncoding = 4; lastKnownFileType = sourcecode.c.h; path = CustomColoredLabel.h; sourceTree = "<group>"; };
		B1AB6D221CA8AB34008C67FB /* CustomColoredLabel.m */ = {isa = PBXFileReference; fileEncoding = 4; lastKnownFileType = sourcecode.c.objc; path = CustomColoredLabel.m; sourceTree = "<group>"; };
		B1AB6D241CA8AB5E008C67FB /* TTTAttributedLabel.m */ = {isa = PBXFileReference; fileEncoding = 4; lastKnownFileType = sourcecode.c.objc; path = TTTAttributedLabel.m; sourceTree = "<group>"; };
		B1AB6D251CA8AB5E008C67FB /* TTTAttributedLabel.h */ = {isa = PBXFileReference; fileEncoding = 4; lastKnownFileType = sourcecode.c.h; path = TTTAttributedLabel.h; sourceTree = "<group>"; };
		B1AB6D2A1CA8AC09008C67FB /* TagComments.pch */ = {isa = PBXFileReference; lastKnownFileType = sourcecode.c.h; path = TagComments.pch; sourceTree = "<group>"; };
		B1AB6D2B1CA8B3A4008C67FB /* noPpic.png */ = {isa = PBXFileReference; lastKnownFileType = image.png; path = noPpic.png; sourceTree = "<group>"; };
		B1AB6D2C1CA8B3A4008C67FB /* noPpic@2x.png */ = {isa = PBXFileReference; lastKnownFileType = image.png; path = "noPpic@2x.png"; sourceTree = "<group>"; };
		B1AB6D2D1CA8B3A4008C67FB /* noPpic@3x.png */ = {isa = PBXFileReference; lastKnownFileType = image.png; path = "noPpic@3x.png"; sourceTree = "<group>"; };
		B1AB6D341CA8B703008C67FB /* SmallUserCellView.h */ = {isa = PBXFileReference; fileEncoding = 4; lastKnownFileType = sourcecode.c.h; path = SmallUserCellView.h; sourceTree = "<group>"; };
		B1AB6D351CA8B703008C67FB /* SmallUserCellView.m */ = {isa = PBXFileReference; fileEncoding = 4; lastKnownFileType = sourcecode.c.objc; path = SmallUserCellView.m; sourceTree = "<group>"; };
		B1AB6D381CA8B703008C67FB /* SmallUserTableCell.h */ = {isa = PBXFileReference; fileEncoding = 4; lastKnownFileType = sourcecode.c.h; path = SmallUserTableCell.h; sourceTree = "<group>"; };
		B1AB6D391CA8B703008C67FB /* SmallUserTableCell.m */ = {isa = PBXFileReference; fileEncoding = 4; lastKnownFileType = sourcecode.c.objc; path = SmallUserTableCell.m; sourceTree = "<group>"; };
		B1AB6D3E1CA8B8DB008C67FB /* followingArray.json */ = {isa = PBXFileReference; fileEncoding = 4; lastKnownFileType = text.json; path = followingArray.json; sourceTree = "<group>"; };
/* End PBXFileReference section */

/* Begin PBXFrameworksBuildPhase section */
		B1AB6CD81CA8A7D6008C67FB /* Frameworks */ = {
			isa = PBXFrameworksBuildPhase;
			buildActionMask = 2147483647;
			files = (
			);
			runOnlyForDeploymentPostprocessing = 0;
		};
/* End PBXFrameworksBuildPhase section */

/* Begin PBXGroup section */
		B1AB6CD21CA8A7D6008C67FB = {
			isa = PBXGroup;
			children = (
				B1AB6CDD1CA8A7D6008C67FB /* TagComments */,
				B1AB6CDC1CA8A7D6008C67FB /* Products */,
			);
			sourceTree = "<group>";
		};
		B1AB6CDC1CA8A7D6008C67FB /* Products */ = {
			isa = PBXGroup;
			children = (
				B1AB6CDB1CA8A7D6008C67FB /* TagComments.app */,
			);
			name = Products;
			sourceTree = "<group>";
		};
		B1AB6CDD1CA8A7D6008C67FB /* TagComments */ = {
			isa = PBXGroup;
			children = (
				B1AB6D401CA8DB08008C67FB /* Default profile pic */,
				B1AB6D281CA8AB6D008C67FB /* Pretty Timestamp */,
				B1AB6D271CA8AB62008C67FB /* Custom Colored Label */,
				B1AB6D1C1CA8AA97008C67FB /* TopBottomBorderView */,
				B1AB6CF51CA8A86D008C67FB /* CommentsViewController */,
				B1AB6CE11CA8A7D6008C67FB /* AppDelegate.h */,
				B1AB6CE21CA8A7D6008C67FB /* AppDelegate.m */,
				B1AB6CE71CA8A7D6008C67FB /* Main.storyboard */,
				B1AB6CEA1CA8A7D6008C67FB /* Assets.xcassets */,
				B1AB6CEC1CA8A7D6008C67FB /* LaunchScreen.storyboard */,
				B1AB6CEF1CA8A7D6008C67FB /* Info.plist */,
				B1AB6CDE1CA8A7D6008C67FB /* Supporting Files */,
				B1AB6D3E1CA8B8DB008C67FB /* followingArray.json */,
			);
			path = TagComments;
			sourceTree = "<group>";
		};
		B1AB6CDE1CA8A7D6008C67FB /* Supporting Files */ = {
			isa = PBXGroup;
			children = (
				B1AB6D2A1CA8AC09008C67FB /* TagComments.pch */,
				B1AB6CDF1CA8A7D6008C67FB /* main.m */,
			);
			name = "Supporting Files";
			sourceTree = "<group>";
		};
		B1AB6CF51CA8A86D008C67FB /* CommentsViewController */ = {
			isa = PBXGroup;
			children = (
				B1AB6D421CA8DB36008C67FB /* TagTableView */,
				B1AB6D411CA8DB31008C67FB /* Comments */,
				B1AB6D3D1CA8B706008C67FB /* SmallUserViews */,
			);
			name = CommentsViewController;
			sourceTree = "<group>";
		};
		B1AB6D1C1CA8AA97008C67FB /* TopBottomBorderView */ = {
			isa = PBXGroup;
			children = (
				B1AB6D1A1CA8AA97008C67FB /* TopBottomBorderView.h */,
				B1AB6D1B1CA8AA97008C67FB /* TopBottomBorderView.m */,
			);
			name = TopBottomBorderView;
			path = "../../gymever-ios/gymgram";
			sourceTree = "<group>";
		};
		B1AB6D271CA8AB62008C67FB /* Custom Colored Label */ = {
			isa = PBXGroup;
			children = (
				B1AB6D241CA8AB5E008C67FB /* TTTAttributedLabel.m */,
				B1AB6D251CA8AB5E008C67FB /* TTTAttributedLabel.h */,
				B1AB6D211CA8AB34008C67FB /* CustomColoredLabel.h */,
				B1AB6D221CA8AB34008C67FB /* CustomColoredLabel.m */,
			);
			name = "Custom Colored Label";
			sourceTree = "<group>";
		};
		B1AB6D281CA8AB6D008C67FB /* Pretty Timestamp */ = {
			isa = PBXGroup;
			children = (
				B1AB6D1E1CA8AAD2008C67FB /* NSDate+PrettyDate.h */,
				B1AB6D1F1CA8AAD2008C67FB /* NSDate+PrettyDate.m */,
			);
			name = "Pretty Timestamp";
			sourceTree = "<group>";
		};
		B1AB6D3D1CA8B706008C67FB /* SmallUserViews */ = {
			isa = PBXGroup;
			children = (
				B1AB6CFE1CA8A8EF008C67FB /* SmallUserTableCell.xib */,
				B1AB6D341CA8B703008C67FB /* SmallUserCellView.h */,
				B1AB6D351CA8B703008C67FB /* SmallUserCellView.m */,
				B1AB6D381CA8B703008C67FB /* SmallUserTableCell.h */,
				B1AB6D391CA8B703008C67FB /* SmallUserTableCell.m */,
			);
			name = SmallUserViews;
			sourceTree = "<group>";
		};
		B1AB6D401CA8DB08008C67FB /* Default profile pic */ = {
			isa = PBXGroup;
			children = (
				B1AB6D2B1CA8B3A4008C67FB /* noPpic.png */,
				B1AB6D2C1CA8B3A4008C67FB /* noPpic@2x.png */,
				B1AB6D2D1CA8B3A4008C67FB /* noPpic@3x.png */,
			);
			name = "Default profile pic";
			sourceTree = "<group>";
		};
		B1AB6D411CA8DB31008C67FB /* Comments */ = {
			isa = PBXGroup;
			children = (
				B1AB6CF91CA8A8E2008C67FB /* CommentCell.m */,
				B1AB6CFA1CA8A8E2008C67FB /* CommentCell.h */,
				B1AB6CF61CA8A8DC008C67FB /* CommentsTableViewController.h */,
				B1AB6CF71CA8A8DC008C67FB /* CommentsTableViewController.m */,
			);
			name = Comments;
			sourceTree = "<group>";
		};
		B1AB6D421CA8DB36008C67FB /* TagTableView */ = {
			isa = PBXGroup;
			children = (
				B1AB6CFC1CA8A8EF008C67FB /* TagTableView.h */,
				B1AB6CFD1CA8A8EF008C67FB /* TagTableView.m */,
			);
			name = TagTableView;
			sourceTree = "<group>";
		};
/* End PBXGroup section */

/* Begin PBXNativeTarget section */
		B1AB6CDA1CA8A7D6008C67FB /* TagComments */ = {
			isa = PBXNativeTarget;
			buildConfigurationList = B1AB6CF21CA8A7D6008C67FB /* Build configuration list for PBXNativeTarget "TagComments" */;
			buildPhases = (
				B1AB6CD71CA8A7D6008C67FB /* Sources */,
				B1AB6CD81CA8A7D6008C67FB /* Frameworks */,
				B1AB6CD91CA8A7D6008C67FB /* Resources */,
			);
			buildRules = (
			);
			dependencies = (
			);
			name = TagComments;
			productName = TagComments;
			productReference = B1AB6CDB1CA8A7D6008C67FB /* TagComments.app */;
			productType = "com.apple.product-type.application";
		};
/* End PBXNativeTarget section */

/* Begin PBXProject section */
		B1AB6CD31CA8A7D6008C67FB /* Project object */ = {
			isa = PBXProject;
			attributes = {
				LastUpgradeCheck = 0720;
				ORGANIZATIONNAME = gymever;
				TargetAttributes = {
					B1AB6CDA1CA8A7D6008C67FB = {
						CreatedOnToolsVersion = 7.2;
					};
				};
			};
			buildConfigurationList = B1AB6CD61CA8A7D6008C67FB /* Build configuration list for PBXProject "TagComments" */;
			compatibilityVersion = "Xcode 3.2";
			developmentRegion = English;
			hasScannedForEncodings = 0;
			knownRegions = (
				en,
				Base,
			);
			mainGroup = B1AB6CD21CA8A7D6008C67FB;
			productRefGroup = B1AB6CDC1CA8A7D6008C67FB /* Products */;
			projectDirPath = "";
			projectRoot = "";
			targets = (
				B1AB6CDA1CA8A7D6008C67FB /* TagComments */,
			);
		};
/* End PBXProject section */

/* Begin PBXResourcesBuildPhase section */
		B1AB6CD91CA8A7D6008C67FB /* Resources */ = {
			isa = PBXResourcesBuildPhase;
			buildActionMask = 2147483647;
			files = (
				B1AB6CEE1CA8A7D6008C67FB /* LaunchScreen.storyboard in Resources */,
				B1AB6CEB1CA8A7D6008C67FB /* Assets.xcassets in Resources */,
				B1AB6CE91CA8A7D6008C67FB /* Main.storyboard in Resources */,
				B1AB6D3F1CA8B8DB008C67FB /* followingArray.json in Resources */,
				B1AB6D2E1CA8B3A4008C67FB /* noPpic.png in Resources */,
				B1AB6D301CA8B3A4008C67FB /* noPpic@3x.png in Resources */,
				B1AB6D001CA8A8EF008C67FB /* SmallUserTableCell.xib in Resources */,
				B1AB6D2F1CA8B3A4008C67FB /* noPpic@2x.png in Resources */,
			);
			runOnlyForDeploymentPostprocessing = 0;
		};
/* End PBXResourcesBuildPhase section */

/* Begin PBXSourcesBuildPhase section */
		B1AB6CD71CA8A7D6008C67FB /* Sources */ = {
			isa = PBXSourcesBuildPhase;
			buildActionMask = 2147483647;
			files = (
				B1AB6D201CA8AAD2008C67FB /* NSDate+PrettyDate.m in Sources */,
				B1AB6D261CA8AB5E008C67FB /* TTTAttributedLabel.m in Sources */,
				B1AB6D3C1CA8B703008C67FB /* SmallUserTableCell.m in Sources */,
				B1AB6D1D1CA8AA97008C67FB /* TopBottomBorderView.m in Sources */,
				B1AB6CFF1CA8A8EF008C67FB /* TagTableView.m in Sources */,
				B1AB6CF81CA8A8DC008C67FB /* CommentsTableViewController.m in Sources */,
				B1AB6CE31CA8A7D6008C67FB /* AppDelegate.m in Sources */,
				B1AB6D3A1CA8B703008C67FB /* SmallUserCellView.m in Sources */,
				B1AB6CFB1CA8A8E2008C67FB /* CommentCell.m in Sources */,
				B1AB6CE01CA8A7D6008C67FB /* main.m in Sources */,
				B1AB6D231CA8AB34008C67FB /* CustomColoredLabel.m in Sources */,
			);
			runOnlyForDeploymentPostprocessing = 0;
		};
/* End PBXSourcesBuildPhase section */

/* Begin PBXVariantGroup section */
		B1AB6CE71CA8A7D6008C67FB /* Main.storyboard */ = {
			isa = PBXVariantGroup;
			children = (
				B1AB6CE81CA8A7D6008C67FB /* Base */,
			);
			name = Main.storyboard;
			sourceTree = "<group>";
		};
		B1AB6CEC1CA8A7D6008C67FB /* LaunchScreen.storyboard */ = {
			isa = PBXVariantGroup;
			children = (
				B1AB6CED1CA8A7D6008C67FB /* Base */,
			);
			name = LaunchScreen.storyboard;
			sourceTree = "<group>";
		};
/* End PBXVariantGroup section */

/* Begin XCBuildConfiguration section */
		B1AB6CF01CA8A7D6008C67FB /* Debug */ = {
			isa = XCBuildConfiguration;
			buildSettings = {
				ALWAYS_SEARCH_USER_PATHS = NO;
				CLANG_CXX_LANGUAGE_STANDARD = "gnu++0x";
				CLANG_CXX_LIBRARY = "libc++";
				CLANG_ENABLE_MODULES = YES;
				CLANG_ENABLE_OBJC_ARC = YES;
				CLANG_WARN_BOOL_CONVERSION = YES;
				CLANG_WARN_CONSTANT_CONVERSION = YES;
				CLANG_WARN_DIRECT_OBJC_ISA_USAGE = YES_ERROR;
				CLANG_WARN_EMPTY_BODY = YES;
				CLANG_WARN_ENUM_CONVERSION = YES;
				CLANG_WARN_INT_CONVERSION = YES;
				CLANG_WARN_OBJC_ROOT_CLASS = YES_ERROR;
				CLANG_WARN_UNREACHABLE_CODE = YES;
				CLANG_WARN__DUPLICATE_METHOD_MATCH = YES;
				"CODE_SIGN_IDENTITY[sdk=iphoneos*]" = "iPhone Developer";
				COPY_PHASE_STRIP = NO;
				DEBUG_INFORMATION_FORMAT = dwarf;
				ENABLE_STRICT_OBJC_MSGSEND = YES;
				ENABLE_TESTABILITY = YES;
				GCC_C_LANGUAGE_STANDARD = gnu99;
				GCC_DYNAMIC_NO_PIC = NO;
				GCC_NO_COMMON_BLOCKS = YES;
				GCC_OPTIMIZATION_LEVEL = 0;
				GCC_PREPROCESSOR_DEFINITIONS = (
					"DEBUG=1",
					"$(inherited)",
				);
				GCC_WARN_64_TO_32_BIT_CONVERSION = YES;
				GCC_WARN_ABOUT_RETURN_TYPE = YES_ERROR;
				GCC_WARN_UNDECLARED_SELECTOR = YES;
				GCC_WARN_UNINITIALIZED_AUTOS = YES_AGGRESSIVE;
				GCC_WARN_UNUSED_FUNCTION = YES;
				GCC_WARN_UNUSED_VARIABLE = YES;
				IPHONEOS_DEPLOYMENT_TARGET = 9.2;
				MTL_ENABLE_DEBUG_INFO = YES;
				ONLY_ACTIVE_ARCH = YES;
				SDKROOT = iphoneos;
			};
			name = Debug;
		};
		B1AB6CF11CA8A7D6008C67FB /* Release */ = {
			isa = XCBuildConfiguration;
			buildSettings = {
				ALWAYS_SEARCH_USER_PATHS = NO;
				CLANG_CXX_LANGUAGE_STANDARD = "gnu++0x";
				CLANG_CXX_LIBRARY = "libc++";
				CLANG_ENABLE_MODULES = YES;
				CLANG_ENABLE_OBJC_ARC = YES;
				CLANG_WARN_BOOL_CONVERSION = YES;
				CLANG_WARN_CONSTANT_CONVERSION = YES;
				CLANG_WARN_DIRECT_OBJC_ISA_USAGE = YES_ERROR;
				CLANG_WARN_EMPTY_BODY = YES;
				CLANG_WARN_ENUM_CONVERSION = YES;
				CLANG_WARN_INT_CONVERSION = YES;
				CLANG_WARN_OBJC_ROOT_CLASS = YES_ERROR;
				CLANG_WARN_UNREACHABLE_CODE = YES;
				CLANG_WARN__DUPLICATE_METHOD_MATCH = YES;
				"CODE_SIGN_IDENTITY[sdk=iphoneos*]" = "iPhone Developer";
				COPY_PHASE_STRIP = NO;
				DEBUG_INFORMATION_FORMAT = "dwarf-with-dsym";
				ENABLE_NS_ASSERTIONS = NO;
				ENABLE_STRICT_OBJC_MSGSEND = YES;
				GCC_C_LANGUAGE_STANDARD = gnu99;
				GCC_NO_COMMON_BLOCKS = YES;
				GCC_WARN_64_TO_32_BIT_CONVERSION = YES;
				GCC_WARN_ABOUT_RETURN_TYPE = YES_ERROR;
				GCC_WARN_UNDECLARED_SELECTOR = YES;
				GCC_WARN_UNINITIALIZED_AUTOS = YES_AGGRESSIVE;
				GCC_WARN_UNUSED_FUNCTION = YES;
				GCC_WARN_UNUSED_VARIABLE = YES;
				IPHONEOS_DEPLOYMENT_TARGET = 9.2;
				MTL_ENABLE_DEBUG_INFO = NO;
				SDKROOT = iphoneos;
				VALIDATE_PRODUCT = YES;
			};
			name = Release;
		};
		B1AB6CF31CA8A7D6008C67FB /* Debug */ = {
			isa = XCBuildConfiguration;
			buildSettings = {
				ASSETCATALOG_COMPILER_APPICON_NAME = AppIcon;
				GCC_PREFIX_HEADER = TagComments/TagComments.pch;
				INFOPLIST_FILE = TagComments/Info.plist;
				LD_RUNPATH_SEARCH_PATHS = "$(inherited) @executable_path/Frameworks";
				PRODUCT_BUNDLE_IDENTIFIER = gymever.TagComments;
				PRODUCT_NAME = "$(TARGET_NAME)";
			};
			name = Debug;
		};
		B1AB6CF41CA8A7D6008C67FB /* Release */ = {
			isa = XCBuildConfiguration;
			buildSettings = {
				ASSETCATALOG_COMPILER_APPICON_NAME = AppIcon;
				GCC_PREFIX_HEADER = TagComments/TagComments.pch;
				INFOPLIST_FILE = TagComments/Info.plist;
				LD_RUNPATH_SEARCH_PATHS = "$(inherited) @executable_path/Frameworks";
				PRODUCT_BUNDLE_IDENTIFIER = gymever.TagComments;
				PRODUCT_NAME = "$(TARGET_NAME)";
			};
			name = Release;
		};
/* End XCBuildConfiguration section */

/* Begin XCConfigurationList section */
		B1AB6CD61CA8A7D6008C67FB /* Build configuration list for PBXProject "TagComments" */ = {
			isa = XCConfigurationList;
			buildConfigurations = (
				B1AB6CF01CA8A7D6008C67FB /* Debug */,
				B1AB6CF11CA8A7D6008C67FB /* Release */,
			);
			defaultConfigurationIsVisible = 0;
			defaultConfigurationName = Release;
		};
		B1AB6CF21CA8A7D6008C67FB /* Build configuration list for PBXNativeTarget "TagComments" */ = {
			isa = XCConfigurationList;
			buildConfigurations = (
				B1AB6CF31CA8A7D6008C67FB /* Debug */,
				B1AB6CF41CA8A7D6008C67FB /* Release */,
			);
			defaultConfigurationIsVisible = 0;
		};
/* End XCConfigurationList section */
	};
	rootObject = B1AB6CD31CA8A7D6008C67FB /* Project object */;
}
